
Microsoft Visual Studio Solution File, Format Version 12.00
# Visual Studio 15
VisualStudioVersion = 15.0.28307.271
MinimumVisualStudioVersion = 10.0.40219.1
Project("{FAE04EC0-301F-11D3-BF4B-00C04F79EFBC}") = "filesOperations", "filesOperations\filesOperations.csproj", "{308011F9-47AA-4989-9FE2-DFB262499F6C}"
EndProject
Global
	GlobalSection(SolutionConfigurationPlatforms) = preSolution
		Debug|Any CPU = Debug|Any CPU
		Release|Any CPU = Release|Any CPU
	EndGlobalSection
	GlobalSection(ProjectConfigurationPlatforms) = postSolution
		{308011F9-47AA-4989-9FE2-DFB262499F6C}.Debug|Any CPU.ActiveCfg = Debug|Any CPU
		{308011F9-47AA-4989-9FE2-DFB262499F6C}.Debug|Any CPU.Build.0 = Debug|Any CPU
		{308011F9-47AA-4989-9FE2-DFB262499F6C}.Release|Any CPU.ActiveCfg = Release|Any CPU
		{308011F9-47AA-4989-9FE2-DFB262499F6C}.Release|Any CPU.Build.0 = Release|Any CPU
	EndGlobalSection
	GlobalSection(SolutionProperties) = preSolution
		HideSolutionNode = FALSE
	EndGlobalSection
	GlobalSection(ExtensibilityGlobals) = postSolution
		SolutionGuid = {48F16FE5-ABD3-4C21-B75E-68ED7C628BA2}
	EndGlobalSection
EndGlobal
